
Microsoft Visual Studio Solution File, Format Version 12.00
# Visual Studio Version 16
VisualStudioVersion = 16.0.810.25
MinimumVisualStudioVersion = 10.0.40219.1
Project("{FAE04EC0-301F-11D3-BF4B-00C04F79EFBC}") = "Selenium_Automation", "Selenium_Automation.csproj", "{B355134D-5834-4CE5-BA3F-003CCE10608B}"
EndProject
Global
	GlobalSection(SolutionConfigurationPlatforms) = preSolution
		Debug|Any CPU = Debug|Any CPU
		Release|Any CPU = Release|Any CPU
	EndGlobalSection
	GlobalSection(ProjectConfigurationPlatforms) = postSolution
		{B355134D-5834-4CE5-BA3F-003CCE10608B}.Debug|Any CPU.ActiveCfg = Debug|Any CPU
		{B355134D-5834-4CE5-BA3F-003CCE10608B}.Debug|Any CPU.Build.0 = Debug|Any CPU
		{B355134D-5834-4CE5-BA3F-003CCE10608B}.Release|Any CPU.ActiveCfg = Release|Any CPU
		{B355134D-5834-4CE5-BA3F-003CCE10608B}.Release|Any CPU.Build.0 = Release|Any CPU
	EndGlobalSection
	GlobalSection(SolutionProperties) = preSolution
		HideSolutionNode = FALSE
	EndGlobalSection
	GlobalSection(ExtensibilityGlobals) = postSolution
		SolutionGuid = {38ED3C72-9291-423F-8E49-FF498704DEC8}
	EndGlobalSection
EndGlobal
